
Microsoft Visual Studio Solution File, Format Version 12.00
# Visual Studio Version 16
VisualStudioVersion = 16.0.31515.178
MinimumVisualStudioVersion = 10.0.40219.1
Project("{FAE04EC0-301F-11D3-BF4B-00C04F79EFBC}") = "Assign3", "Assign3\Assign3.csproj", "{8AB524B0-5F74-4195-AA39-D4D5494D2690}"
EndProject
Global
	GlobalSection(SolutionConfigurationPlatforms) = preSolution
		Debug|Any CPU = Debug|Any CPU
		Release|Any CPU = Release|Any CPU
	EndGlobalSection
	GlobalSection(ProjectConfigurationPlatforms) = postSolution
		{8AB524B0-5F74-4195-AA39-D4D5494D2690}.Debug|Any CPU.ActiveCfg = Debug|Any CPU
		{8AB524B0-5F74-4195-AA39-D4D5494D2690}.Debug|Any CPU.Build.0 = Debug|Any CPU
		{8AB524B0-5F74-4195-AA39-D4D5494D2690}.Release|Any CPU.ActiveCfg = Release|Any CPU
		{8AB524B0-5F74-4195-AA39-D4D5494D2690}.Release|Any CPU.Build.0 = Release|Any CPU
	EndGlobalSection
	GlobalSection(SolutionProperties) = preSolution
		HideSolutionNode = FALSE
	EndGlobalSection
	GlobalSection(ExtensibilityGlobals) = postSolution
		SolutionGuid = {DD0A9346-CF19-4188-A214-C425E21CDBCE}
	EndGlobalSection
EndGlobal
